
Microsoft Visual Studio Solution File, Format Version 12.00
# Visual Studio Version 17
VisualStudioVersion = 17.1.32210.238
MinimumVisualStudioVersion = 10.0.40219.1
Project("{9A19103F-16F7-4668-BE54-9A1E7A4F7556}") = "IntroEF", "IntroEF\IntroEF.csproj", "{7B7E58F1-5250-450F-B7B7-FB8A60EFA53D}"
EndProject
Project("{FAE04EC0-301F-11D3-BF4B-00C04F79EFBC}") = "WinFormsApp1", "WinFormsApp1\WinFormsApp1.csproj", "{4399A3D3-30D3-4A91-8476-6A15EC30688E}"
EndProject
Global
	GlobalSection(SolutionConfigurationPlatforms) = preSolution
		Debug|Any CPU = Debug|Any CPU
		Release|Any CPU = Release|Any CPU
	EndGlobalSection
	GlobalSection(ProjectConfigurationPlatforms) = postSolution
		{7B7E58F1-5250-450F-B7B7-FB8A60EFA53D}.Debug|Any CPU.ActiveCfg = Debug|Any CPU
		{7B7E58F1-5250-450F-B7B7-FB8A60EFA53D}.Debug|Any CPU.Build.0 = Debug|Any CPU
		{7B7E58F1-5250-450F-B7B7-FB8A60EFA53D}.Release|Any CPU.ActiveCfg = Release|Any CPU
		{7B7E58F1-5250-450F-B7B7-FB8A60EFA53D}.Release|Any CPU.Build.0 = Release|Any CPU
		{4399A3D3-30D3-4A91-8476-6A15EC30688E}.Debug|Any CPU.ActiveCfg = Debug|Any CPU
		{4399A3D3-30D3-4A91-8476-6A15EC30688E}.Debug|Any CPU.Build.0 = Debug|Any CPU
		{4399A3D3-30D3-4A91-8476-6A15EC30688E}.Release|Any CPU.ActiveCfg = Release|Any CPU
		{4399A3D3-30D3-4A91-8476-6A15EC30688E}.Release|Any CPU.Build.0 = Release|Any CPU
	EndGlobalSection
	GlobalSection(SolutionProperties) = preSolution
		HideSolutionNode = FALSE
	EndGlobalSection
	GlobalSection(ExtensibilityGlobals) = postSolution
		SolutionGuid = {9C69474F-7544-4905-9493-6721B754DA6F}
	EndGlobalSection
EndGlobal
